
Microsoft Visual Studio Solution File, Format Version 12.00
# Visual Studio 15
VisualStudioVersion = 15.0.28010.2003
MinimumVisualStudioVersion = 10.0.40219.1
Project("{FAE04EC0-301F-11D3-BF4B-00C04F79EFBC}") = "LINQExcercise", "LINQExcercise\LINQExcercise.csproj", "{68990C37-DDC4-406E-A416-960DBA116742}"
EndProject
Global
	GlobalSection(SolutionConfigurationPlatforms) = preSolution
		Debug|Any CPU = Debug|Any CPU
		Release|Any CPU = Release|Any CPU
	EndGlobalSection
	GlobalSection(ProjectConfigurationPlatforms) = postSolution
		{68990C37-DDC4-406E-A416-960DBA116742}.Debug|Any CPU.ActiveCfg = Debug|Any CPU
		{68990C37-DDC4-406E-A416-960DBA116742}.Debug|Any CPU.Build.0 = Debug|Any CPU
		{68990C37-DDC4-406E-A416-960DBA116742}.Release|Any CPU.ActiveCfg = Release|Any CPU
		{68990C37-DDC4-406E-A416-960DBA116742}.Release|Any CPU.Build.0 = Release|Any CPU
	EndGlobalSection
	GlobalSection(SolutionProperties) = preSolution
		HideSolutionNode = FALSE
	EndGlobalSection
	GlobalSection(ExtensibilityGlobals) = postSolution
		SolutionGuid = {D1502817-57F3-4C97-8BBF-E13F5D9CCF6D}
	EndGlobalSection
EndGlobal
